
Microsoft Visual Studio Solution File, Format Version 12.00
# Visual Studio Version 17
VisualStudioVersion = 17.2.32519.379
MinimumVisualStudioVersion = 10.0.40219.1
Project("{9A19103F-16F7-4668-BE54-9A1E7A4F7556}") = "SMH", "SMH\SMH.csproj", "{5C7232AF-070D-40F9-B5FA-19194D901CCD}"
EndProject
Project("{9A19103F-16F7-4668-BE54-9A1E7A4F7556}") = "SMH.WebApp", "SMH.WebApp\SMH.WebApp.csproj", "{88FE19BD-F68E-4A73-A565-B783F34F9687}"
EndProject
Project("{FAE04EC0-301F-11D3-BF4B-00C04F79EFBC}") = "SMH.Database.Clientapp", "SMH.Database.Clientapp\SMH.Database.Clientapp.csproj", "{756F2083-6D9E-4420-B748-F613A539E5B5}"
EndProject
Project("{FAE04EC0-301F-11D3-BF4B-00C04F79EFBC}") = "SMH.Database", "..\..\..\source\repos\SMH.Database\SMH.Database.csproj", "{801E7BB7-43B6-4145-AAB0-6D89D9CDB44C}"
EndProject
Global
	GlobalSection(SolutionConfigurationPlatforms) = preSolution
		Debug|Any CPU = Debug|Any CPU
		Release|Any CPU = Release|Any CPU
	EndGlobalSection
	GlobalSection(ProjectConfigurationPlatforms) = postSolution
		{5C7232AF-070D-40F9-B5FA-19194D901CCD}.Debug|Any CPU.ActiveCfg = Debug|Any CPU
		{5C7232AF-070D-40F9-B5FA-19194D901CCD}.Debug|Any CPU.Build.0 = Debug|Any CPU
		{5C7232AF-070D-40F9-B5FA-19194D901CCD}.Release|Any CPU.ActiveCfg = Release|Any CPU
		{5C7232AF-070D-40F9-B5FA-19194D901CCD}.Release|Any CPU.Build.0 = Release|Any CPU
		{88FE19BD-F68E-4A73-A565-B783F34F9687}.Debug|Any CPU.ActiveCfg = Debug|Any CPU
		{88FE19BD-F68E-4A73-A565-B783F34F9687}.Debug|Any CPU.Build.0 = Debug|Any CPU
		{88FE19BD-F68E-4A73-A565-B783F34F9687}.Release|Any CPU.ActiveCfg = Release|Any CPU
		{88FE19BD-F68E-4A73-A565-B783F34F9687}.Release|Any CPU.Build.0 = Release|Any CPU
		{756F2083-6D9E-4420-B748-F613A539E5B5}.Debug|Any CPU.ActiveCfg = Debug|Any CPU
		{756F2083-6D9E-4420-B748-F613A539E5B5}.Debug|Any CPU.Build.0 = Debug|Any CPU
		{756F2083-6D9E-4420-B748-F613A539E5B5}.Release|Any CPU.ActiveCfg = Release|Any CPU
		{756F2083-6D9E-4420-B748-F613A539E5B5}.Release|Any CPU.Build.0 = Release|Any CPU
		{801E7BB7-43B6-4145-AAB0-6D89D9CDB44C}.Debug|Any CPU.ActiveCfg = Debug|Any CPU
		{801E7BB7-43B6-4145-AAB0-6D89D9CDB44C}.Debug|Any CPU.Build.0 = Debug|Any CPU
		{801E7BB7-43B6-4145-AAB0-6D89D9CDB44C}.Release|Any CPU.ActiveCfg = Release|Any CPU
		{801E7BB7-43B6-4145-AAB0-6D89D9CDB44C}.Release|Any CPU.Build.0 = Release|Any CPU
	EndGlobalSection
	GlobalSection(SolutionProperties) = preSolution
		HideSolutionNode = FALSE
	EndGlobalSection
	GlobalSection(ExtensibilityGlobals) = postSolution
		SolutionGuid = {F3AD4306-F5D9-4863-8D20-697738824152}
	EndGlobalSection
EndGlobal
